
Microsoft Visual Studio Solution File, Format Version 12.00
# Visual Studio Version 17
VisualStudioVersion = 17.4.33110.190
MinimumVisualStudioVersion = 10.0.40219.1
Project("{FAE04EC0-301F-11D3-BF4B-00C04F79EFBC}") = "Calcolo Imposte", "Calcolo Imposte.csproj", "{CFC8ABE8-4326-4E19-ACE7-DA0387AE4B81}"
EndProject
Global
	GlobalSection(SolutionConfigurationPlatforms) = preSolution
		Debug|Any CPU = Debug|Any CPU
		Release|Any CPU = Release|Any CPU
	EndGlobalSection
	GlobalSection(ProjectConfigurationPlatforms) = postSolution
		{CFC8ABE8-4326-4E19-ACE7-DA0387AE4B81}.Debug|Any CPU.ActiveCfg = Debug|Any CPU
		{CFC8ABE8-4326-4E19-ACE7-DA0387AE4B81}.Debug|Any CPU.Build.0 = Debug|Any CPU
		{CFC8ABE8-4326-4E19-ACE7-DA0387AE4B81}.Release|Any CPU.ActiveCfg = Release|Any CPU
		{CFC8ABE8-4326-4E19-ACE7-DA0387AE4B81}.Release|Any CPU.Build.0 = Release|Any CPU
	EndGlobalSection
	GlobalSection(SolutionProperties) = preSolution
		HideSolutionNode = FALSE
	EndGlobalSection
	GlobalSection(ExtensibilityGlobals) = postSolution
		SolutionGuid = {816E0ACB-74DC-44F5-8E5F-D77DECA1E6CC}
	EndGlobalSection
EndGlobal
